// !$*UTF8*$!
{
	archiveVersion = 1;
	classes = {
	};
	objectVersion = 55;
	objects = {

/* Begin PBXBuildFile section */
		C0E3092C27A589420001F29D /* AppDelegate.swift in Sources */ = {isa = PBXBuildFile; fileRef = C0E3092B27A589420001F29D /* AppDelegate.swift */; };
		C0E3092E27A589420001F29D /* SceneDelegate.swift in Sources */ = {isa = PBXBuildFile; fileRef = C0E3092D27A589420001F29D /* SceneDelegate.swift */; };
		C0E3093027A589420001F29D /* ViewController.swift in Sources */ = {isa = PBXBuildFile; fileRef = C0E3092F27A589420001F29D /* ViewController.swift */; };
		C0E3093327A589420001F29D /* Main.storyboard in Resources */ = {isa = PBXBuildFile; fileRef = C0E3093127A589420001F29D /* Main.storyboard */; };
		C0E3093527A589440001F29D /* Assets.xcassets in Resources */ = {isa = PBXBuildFile; fileRef = C0E3093427A589440001F29D /* Assets.xcassets */; };
		C0E3093827A589440001F29D /* LaunchScreen.storyboard in Resources */ = {isa = PBXBuildFile; fileRef = C0E3093627A589440001F29D /* LaunchScreen.storyboard */; };
		C0E3094227A5922F0001F29D /* WelcomeViewController.swift in Sources */ = {isa = PBXBuildFile; fileRef = C0E3094127A5922F0001F29D /* WelcomeViewController.swift */; };
		C0E3094427A59CE60001F29D /* AboutMe.swift in Sources */ = {isa = PBXBuildFile; fileRef = C0E3094327A59CE60001F29D /* AboutMe.swift */; };
		C0E3094627A5B3B90001F29D /* infViewController.swift in Sources */ = {isa = PBXBuildFile; fileRef = C0E3094527A5B3B90001F29D /* infViewController.swift */; };
		C0E3094827A665270001F29D /* moreInfViewController.swift in Sources */ = {isa = PBXBuildFile; fileRef = C0E3094727A665270001F29D /* moreInfViewController.swift */; };
/* End PBXBuildFile section */

/* Begin PBXFileReference section */
		C0E3092827A589420001F29D /* LogIn@.app */ = {isa = PBXFileReference; explicitFileType = wrapper.application; includeInIndex = 0; path = "LogIn@.app"; sourceTree = BUILT_PRODUCTS_DIR; };
		C0E3092B27A589420001F29D /* AppDelegate.swift */ = {isa = PBXFileReference; lastKnownFileType = sourcecode.swift; path = AppDelegate.swift; sourceTree = "<group>"; };
		C0E3092D27A589420001F29D /* SceneDelegate.swift */ = {isa = PBXFileReference; lastKnownFileType = sourcecode.swift; path = SceneDelegate.swift; sourceTree = "<group>"; };
		C0E3092F27A589420001F29D /* ViewController.swift */ = {isa = PBXFileReference; lastKnownFileType = sourcecode.swift; path = ViewController.swift; sourceTree = "<group>"; };
		C0E3093227A589420001F29D /* Base */ = {isa = PBXFileReference; lastKnownFileType = file.storyboard; name = Base; path = Base.lproj/Main.storyboard; sourceTree = "<group>"; };
		C0E3093427A589440001F29D /* Assets.xcassets */ = {isa = PBXFileReference; lastKnownFileType = folder.assetcatalog; path = Assets.xcassets; sourceTree = "<group>"; };
		C0E3093727A589440001F29D /* Base */ = {isa = PBXFileReference; lastKnownFileType = file.storyboard; name = Base; path = Base.lproj/LaunchScreen.storyboard; sourceTree = "<group>"; };
		C0E3093927A589440001F29D /* Info.plist */ = {isa = PBXFileReference; lastKnownFileType = text.plist.xml; path = Info.plist; sourceTree = "<group>"; };
		C0E3094127A5922F0001F29D /* WelcomeViewController.swift */ = {isa = PBXFileReference; lastKnownFileType = sourcecode.swift; path = WelcomeViewController.swift; sourceTree = "<group>"; };
		C0E3094327A59CE60001F29D /* AboutMe.swift */ = {isa = PBXFileReference; lastKnownFileType = sourcecode.swift; path = AboutMe.swift; sourceTree = "<group>"; };
		C0E3094527A5B3B90001F29D /* infViewController.swift */ = {isa = PBXFileReference; lastKnownFileType = sourcecode.swift; path = infViewController.swift; sourceTree = "<group>"; };
		C0E3094727A665270001F29D /* moreInfViewController.swift */ = {isa = PBXFileReference; lastKnownFileType = sourcecode.swift; path = moreInfViewController.swift; sourceTree = "<group>"; };
/* End PBXFileReference section */

/* Begin PBXFrameworksBuildPhase section */
		C0E3092527A589420001F29D /* Frameworks */ = {
			isa = PBXFrameworksBuildPhase;
			buildActionMask = 2147483647;
			files = (
			);
			runOnlyForDeploymentPostprocessing = 0;
		};
/* End PBXFrameworksBuildPhase section */

/* Begin PBXGroup section */
		C0E3091F27A589420001F29D = {
			isa = PBXGroup;
			children = (
				C0E3092A27A589420001F29D /* LogIn@ */,
				C0E3092927A589420001F29D /* Products */,
			);
			sourceTree = "<group>";
		};
		C0E3092927A589420001F29D /* Products */ = {
			isa = PBXGroup;
			children = (
				C0E3092827A589420001F29D /* LogIn@.app */,
			);
			name = Products;
			sourceTree = "<group>";
		};
		C0E3092A27A589420001F29D /* LogIn@ */ = {
			isa = PBXGroup;
			children = (
				C0E3092B27A589420001F29D /* AppDelegate.swift */,
				C0E3092D27A589420001F29D /* SceneDelegate.swift */,
				C0E3092F27A589420001F29D /* ViewController.swift */,
				C0E3094127A5922F0001F29D /* WelcomeViewController.swift */,
				C0E3093127A589420001F29D /* Main.storyboard */,
				C0E3094727A665270001F29D /* moreInfViewController.swift */,
				C0E3094527A5B3B90001F29D /* infViewController.swift */,
				C0E3094327A59CE60001F29D /* AboutMe.swift */,
				C0E3093427A589440001F29D /* Assets.xcassets */,
				C0E3093627A589440001F29D /* LaunchScreen.storyboard */,
				C0E3093927A589440001F29D /* Info.plist */,
			);
			path = "LogIn@";
			sourceTree = "<group>";
		};
/* End PBXGroup section */

/* Begin PBXNativeTarget section */
		C0E3092727A589420001F29D /* LogIn@ */ = {
			isa = PBXNativeTarget;
			buildConfigurationList = C0E3093C27A589440001F29D /* Build configuration list for PBXNativeTarget "LogIn@" */;
			buildPhases = (
				C0E3092427A589420001F29D /* Sources */,
				C0E3092527A589420001F29D /* Frameworks */,
				C0E3092627A589420001F29D /* Resources */,
			);
			buildRules = (
			);
			dependencies = (
			);
			name = "LogIn@";
			productName = "LogIn@";
			productReference = C0E3092827A589420001F29D /* LogIn@.app */;
			productType = "com.apple.product-type.application";
		};
/* End PBXNativeTarget section */

/* Begin PBXProject section */
		C0E3092027A589420001F29D /* Project object */ = {
			isa = PBXProject;
			attributes = {
				BuildIndependentTargetsInParallel = 1;
				LastSwiftUpdateCheck = 1320;
				LastUpgradeCheck = 1320;
				TargetAttributes = {
					C0E3092727A589420001F29D = {
						CreatedOnToolsVersion = 13.2.1;
					};
				};
			};
			buildConfigurationList = C0E3092327A589420001F29D /* Build configuration list for PBXProject "LogIn@" */;
			compatibilityVersion = "Xcode 13.0";
			developmentRegion = en;
			hasScannedForEncodings = 0;
			knownRegions = (
				en,
				Base,
			);
			mainGroup = C0E3091F27A589420001F29D;
			productRefGroup = C0E3092927A589420001F29D /* Products */;
			projectDirPath = "";
			projectRoot = "";
			targets = (
				C0E3092727A589420001F29D /* LogIn@ */,
			);
		};
/* End PBXProject section */

/* Begin PBXResourcesBuildPhase section */
		C0E3092627A589420001F29D /* Resources */ = {
			isa = PBXResourcesBuildPhase;
			buildActionMask = 2147483647;
			files = (
				C0E3093827A589440001F29D /* LaunchScreen.storyboard in Resources */,
				C0E3093527A589440001F29D /* Assets.xcassets in Resources */,
				C0E3093327A589420001F29D /* Main.storyboard in Resources */,
			);
			runOnlyForDeploymentPostprocessing = 0;
		};
/* End PBXResourcesBuildPhase section */

/* Begin PBXSourcesBuildPhase section */
		C0E3092427A589420001F29D /* Sources */ = {
			isa = PBXSourcesBuildPhase;
			buildActionMask = 2147483647;
			files = (
				C0E3094627A5B3B90001F29D /* infViewController.swift in Sources */,
				C0E3093027A589420001F29D /* ViewController.swift in Sources */,
				C0E3094827A665270001F29D /* moreInfViewController.swift in Sources */,
				C0E3094427A59CE60001F29D /* AboutMe.swift in Sources */,
				C0E3094227A5922F0001F29D /* WelcomeViewController.swift in Sources */,
				C0E3092C27A589420001F29D /* AppDelegate.swift in Sources */,
				C0E3092E27A589420001F29D /* SceneDelegate.swift in Sources */,
			);
			runOnlyForDeploymentPostprocessing = 0;
		};
/* End PBXSourcesBuildPhase section */

/* Begin PBXVariantGroup section */
		C0E3093127A589420001F29D /* Main.storyboard */ = {
			isa = PBXVariantGroup;
			children = (
				C0E3093227A589420001F29D /* Base */,
			);
			name = Main.storyboard;
			sourceTree = "<group>";
		};
		C0E3093627A589440001F29D /* LaunchScreen.storyboard */ = {
			isa = PBXVariantGroup;
			children = (
				C0E3093727A589440001F29D /* Base */,
			);
			name = LaunchScreen.storyboard;
			sourceTree = "<group>";
		};
/* End PBXVariantGroup section */

/* Begin XCBuildConfiguration section */
		C0E3093A27A589440001F29D /* Debug */ = {
			isa = XCBuildConfiguration;
			buildSettings = {
				ALWAYS_SEARCH_USER_PATHS = NO;
				CLANG_ANALYZER_NONNULL = YES;
				CLANG_ANALYZER_NUMBER_OBJECT_CONVERSION = YES_AGGRESSIVE;
				CLANG_CXX_LANGUAGE_STANDARD = "gnu++17";
				CLANG_CXX_LIBRARY = "libc++";
				CLANG_ENABLE_MODULES = YES;
				CLANG_ENABLE_OBJC_ARC = YES;
				CLANG_ENABLE_OBJC_WEAK = YES;
				CLANG_WARN_BLOCK_CAPTURE_AUTORELEASING = YES;
				CLANG_WARN_BOOL_CONVERSION = YES;
				CLANG_WARN_COMMA = YES;
				CLANG_WARN_CONSTANT_CONVERSION = YES;
				CLANG_WARN_DEPRECATED_OBJC_IMPLEMENTATIONS = YES;
				CLANG_WARN_DIRECT_OBJC_ISA_USAGE = YES_ERROR;
				CLANG_WARN_DOCUMENTATION_COMMENTS = YES;
				CLANG_WARN_EMPTY_BODY = YES;
				CLANG_WARN_ENUM_CONVERSION = YES;
				CLANG_WARN_INFINITE_RECURSION = YES;
				CLANG_WARN_INT_CONVERSION = YES;
				CLANG_WARN_NON_LITERAL_NULL_CONVERSION = YES;
				CLANG_WARN_OBJC_IMPLICIT_RETAIN_SELF = YES;
				CLANG_WARN_OBJC_LITERAL_CONVERSION = YES;
				CLANG_WARN_OBJC_ROOT_CLASS = YES_ERROR;
				CLANG_WARN_QUOTED_INCLUDE_IN_FRAMEWORK_HEADER = YES;
				CLANG_WARN_RANGE_LOOP_ANALYSIS = YES;
				CLANG_WARN_STRICT_PROTOTYPES = YES;
				CLANG_WARN_SUSPICIOUS_MOVE = YES;
				CLANG_WARN_UNGUARDED_AVAILABILITY = YES_AGGRESSIVE;
				CLANG_WARN_UNREACHABLE_CODE = YES;
				CLANG_WARN__DUPLICATE_METHOD_MATCH = YES;
				COPY_PHASE_STRIP = NO;
				DEBUG_INFORMATION_FORMAT = dwarf;
				ENABLE_STRICT_OBJC_MSGSEND = YES;
				ENABLE_TESTABILITY = YES;
				GCC_C_LANGUAGE_STANDARD = gnu11;
				GCC_DYNAMIC_NO_PIC = NO;
				GCC_NO_COMMON_BLOCKS = YES;
				GCC_OPTIMIZATION_LEVEL = 0;
				GCC_PREPROCESSOR_DEFINITIONS = (
					"DEBUG=1",
					"$(inherited)",
				);
				GCC_WARN_64_TO_32_BIT_CONVERSION = YES;
				GCC_WARN_ABOUT_RETURN_TYPE = YES_ERROR;
				GCC_WARN_UNDECLARED_SELECTOR = YES;
				GCC_WARN_UNINITIALIZED_AUTOS = YES_AGGRESSIVE;
				GCC_WARN_UNUSED_FUNCTION = YES;
				GCC_WARN_UNUSED_VARIABLE = YES;
				IPHONEOS_DEPLOYMENT_TARGET = 15.2;
				MTL_ENABLE_DEBUG_INFO = INCLUDE_SOURCE;
				MTL_FAST_MATH = YES;
				ONLY_ACTIVE_ARCH = YES;
				SDKROOT = iphoneos;
				SWIFT_ACTIVE_COMPILATION_CONDITIONS = DEBUG;
				SWIFT_OPTIMIZATION_LEVEL = "-Onone";
			};
			name = Debug;
		};
		C0E3093B27A589440001F29D /* Release */ = {
			isa = XCBuildConfiguration;
			buildSettings = {
				ALWAYS_SEARCH_USER_PATHS = NO;
				CLANG_ANALYZER_NONNULL = YES;
				CLANG_ANALYZER_NUMBER_OBJECT_CONVERSION = YES_AGGRESSIVE;
				CLANG_CXX_LANGUAGE_STANDARD = "gnu++17";
				CLANG_CXX_LIBRARY = "libc++";
				CLANG_ENABLE_MODULES = YES;
				CLANG_ENABLE_OBJC_ARC = YES;
				CLANG_ENABLE_OBJC_WEAK = YES;
				CLANG_WARN_BLOCK_CAPTURE_AUTORELEASING = YES;
				CLANG_WARN_BOOL_CONVERSION = YES;
				CLANG_WARN_COMMA = YES;
				CLANG_WARN_CONSTANT_CONVERSION = YES;
				CLANG_WARN_DEPRECATED_OBJC_IMPLEMENTATIONS = YES;
				CLANG_WARN_DIRECT_OBJC_ISA_USAGE = YES_ERROR;
				CLANG_WARN_DOCUMENTATION_COMMENTS = YES;
				CLANG_WARN_EMPTY_BODY = YES;
				CLANG_WARN_ENUM_CONVERSION = YES;
				CLANG_WARN_INFINITE_RECURSION = YES;
				CLANG_WARN_INT_CONVERSION = YES;
				CLANG_WARN_NON_LITERAL_NULL_CONVERSION = YES;
				CLANG_WARN_OBJC_IMPLICIT_RETAIN_SELF = YES;
				CLANG_WARN_OBJC_LITERAL_CONVERSION = YES;
				CLANG_WARN_OBJC_ROOT_CLASS = YES_ERROR;
				CLANG_WARN_QUOTED_INCLUDE_IN_FRAMEWORK_HEADER = YES;
				CLANG_WARN_RANGE_LOOP_ANALYSIS = YES;
				CLANG_WARN_STRICT_PROTOTYPES = YES;
				CLANG_WARN_SUSPICIOUS_MOVE = YES;
				CLANG_WARN_UNGUARDED_AVAILABILITY = YES_AGGRESSIVE;
				CLANG_WARN_UNREACHABLE_CODE = YES;
				CLANG_WARN__DUPLICATE_METHOD_MATCH = YES;
				COPY_PHASE_STRIP = NO;
				DEBUG_INFORMATION_FORMAT = "dwarf-with-dsym";
				ENABLE_NS_ASSERTIONS = NO;
				ENABLE_STRICT_OBJC_MSGSEND = YES;
				GCC_C_LANGUAGE_STANDARD = gnu11;
				GCC_NO_COMMON_BLOCKS = YES;
				GCC_WARN_64_TO_32_BIT_CONVERSION = YES;
				GCC_WARN_ABOUT_RETURN_TYPE = YES_ERROR;
				GCC_WARN_UNDECLARED_SELECTOR = YES;
				GCC_WARN_UNINITIALIZED_AUTOS = YES_AGGRESSIVE;
				GCC_WARN_UNUSED_FUNCTION = YES;
				GCC_WARN_UNUSED_VARIABLE = YES;
				IPHONEOS_DEPLOYMENT_TARGET = 15.2;
				MTL_ENABLE_DEBUG_INFO = NO;
				MTL_FAST_MATH = YES;
				SDKROOT = iphoneos;
				SWIFT_COMPILATION_MODE = wholemodule;
				SWIFT_OPTIMIZATION_LEVEL = "-O";
				VALIDATE_PRODUCT = YES;
			};
			name = Release;
		};
		C0E3093D27A589440001F29D /* Debug */ = {
			isa = XCBuildConfiguration;
			buildSettings = {
				ASSETCATALOG_COMPILER_APPICON_NAME = AppIcon;
				ASSETCATALOG_COMPILER_GLOBAL_ACCENT_COLOR_NAME = AccentColor;
				CODE_SIGN_STYLE = Automatic;
				CURRENT_PROJECT_VERSION = 1;
				GENERATE_INFOPLIST_FILE = YES;
				INFOPLIST_FILE = "LogIn@/Info.plist";
				INFOPLIST_KEY_UIApplicationSupportsIndirectInputEvents = YES;
				INFOPLIST_KEY_UILaunchStoryboardName = LaunchScreen;
				INFOPLIST_KEY_UIMainStoryboardFile = Main;
				INFOPLIST_KEY_UISupportedInterfaceOrientations_iPad = "UIInterfaceOrientationPortrait UIInterfaceOrientationPortraitUpsideDown UIInterfaceOrientationLandscapeLeft UIInterfaceOrientationLandscapeRight";
				INFOPLIST_KEY_UISupportedInterfaceOrientations_iPhone = "UIInterfaceOrientationPortrait UIInterfaceOrientationLandscapeLeft UIInterfaceOrientationLandscapeRight";
				LD_RUNPATH_SEARCH_PATHS = (
					"$(inherited)",
					"@executable_path/Frameworks",
				);
				MARKETING_VERSION = 1.0;
				PRODUCT_BUNDLE_IDENTIFIER = "kg.ikramjan07.LogIn-";
				PRODUCT_NAME = "$(TARGET_NAME)";
				SWIFT_EMIT_LOC_STRINGS = YES;
				SWIFT_VERSION = 5.0;
				TARGETED_DEVICE_FAMILY = "1,2";
			};
			name = Debug;
		};
		C0E3093E27A589440001F29D /* Release */ = {
			isa = XCBuildConfiguration;
			buildSettings = {
				ASSETCATALOG_COMPILER_APPICON_NAME = AppIcon;
				ASSETCATALOG_COMPILER_GLOBAL_ACCENT_COLOR_NAME = AccentColor;
				CODE_SIGN_STYLE = Automatic;
				CURRENT_PROJECT_VERSION = 1;
				GENERATE_INFOPLIST_FILE = YES;
				INFOPLIST_FILE = "LogIn@/Info.plist";
				INFOPLIST_KEY_UIApplicationSupportsIndirectInputEvents = YES;
				INFOPLIST_KEY_UILaunchStoryboardName = LaunchScreen;
				INFOPLIST_KEY_UIMainStoryboardFile = Main;
				INFOPLIST_KEY_UISupportedInterfaceOrientations_iPad = "UIInterfaceOrientationPortrait UIInterfaceOrientationPortraitUpsideDown UIInterfaceOrientationLandscapeLeft UIInterfaceOrientationLandscapeRight";
				INFOPLIST_KEY_UISupportedInterfaceOrientations_iPhone = "UIInterfaceOrientationPortrait UIInterfaceOrientationLandscapeLeft UIInterfaceOrientationLandscapeRight";
				LD_RUNPATH_SEARCH_PATHS = (
					"$(inherited)",
					"@executable_path/Frameworks",
				);
				MARKETING_VERSION = 1.0;
				PRODUCT_BUNDLE_IDENTIFIER = "kg.ikramjan07.LogIn-";
				PRODUCT_NAME = "$(TARGET_NAME)";
				SWIFT_EMIT_LOC_STRINGS = YES;
				SWIFT_VERSION = 5.0;
				TARGETED_DEVICE_FAMILY = "1,2";
			};
			name = Release;
		};
/* End XCBuildConfiguration section */

/* Begin XCConfigurationList section */
		C0E3092327A589420001F29D /* Build configuration list for PBXProject "LogIn@" */ = {
			isa = XCConfigurationList;
			buildConfigurations = (
				C0E3093A27A589440001F29D /* Debug */,
				C0E3093B27A589440001F29D /* Release */,
			);
			defaultConfigurationIsVisible = 0;
			defaultConfigurationName = Release;
		};
		C0E3093C27A589440001F29D /* Build configuration list for PBXNativeTarget "LogIn@" */ = {
			isa = XCConfigurationList;
			buildConfigurations = (
				C0E3093D27A589440001F29D /* Debug */,
				C0E3093E27A589440001F29D /* Release */,
			);
			defaultConfigurationIsVisible = 0;
			defaultConfigurationName = Release;
		};
/* End XCConfigurationList section */
	};
	rootObject = C0E3092027A589420001F29D /* Project object */;
}
